
Microsoft Visual Studio Solution File, Format Version 12.00
# Visual Studio Version 17
VisualStudioVersion = 17.9.34701.34
MinimumVisualStudioVersion = 10.0.40219.1
Project("{9A19103F-16F7-4668-BE54-9A1E7A4F7556}") = "OrderProcessSystem", "OrderProcessSystem\OrderProcessSystem.csproj", "{8DFF6AA8-C7A5-4266-8BCB-F4CDFF510F39}"
EndProject
Project("{FAE04EC0-301F-11D3-BF4B-00C04F79EFBC}") = "OrderProcess.test", "OrderProcess.test\OrderProcess.test.csproj", "{B4FAA73A-7069-4B75-8F97-89AAD7B7778E}"
EndProject
Global
	GlobalSection(SolutionConfigurationPlatforms) = preSolution
		Debug|Any CPU = Debug|Any CPU
		Release|Any CPU = Release|Any CPU
	EndGlobalSection
	GlobalSection(ProjectConfigurationPlatforms) = postSolution
		{8DFF6AA8-C7A5-4266-8BCB-F4CDFF510F39}.Debug|Any CPU.ActiveCfg = Debug|Any CPU
		{8DFF6AA8-C7A5-4266-8BCB-F4CDFF510F39}.Debug|Any CPU.Build.0 = Debug|Any CPU
		{8DFF6AA8-C7A5-4266-8BCB-F4CDFF510F39}.Release|Any CPU.ActiveCfg = Release|Any CPU
		{8DFF6AA8-C7A5-4266-8BCB-F4CDFF510F39}.Release|Any CPU.Build.0 = Release|Any CPU
		{B4FAA73A-7069-4B75-8F97-89AAD7B7778E}.Debug|Any CPU.ActiveCfg = Debug|Any CPU
		{B4FAA73A-7069-4B75-8F97-89AAD7B7778E}.Debug|Any CPU.Build.0 = Debug|Any CPU
		{B4FAA73A-7069-4B75-8F97-89AAD7B7778E}.Release|Any CPU.ActiveCfg = Release|Any CPU
		{B4FAA73A-7069-4B75-8F97-89AAD7B7778E}.Release|Any CPU.Build.0 = Release|Any CPU
	EndGlobalSection
	GlobalSection(SolutionProperties) = preSolution
		HideSolutionNode = FALSE
	EndGlobalSection
	GlobalSection(ExtensibilityGlobals) = postSolution
		SolutionGuid = {07799DF5-1E71-4888-A0DC-AD5F0A9BCD5C}
	EndGlobalSection
EndGlobal
